
Microsoft Visual Studio Solution File, Format Version 12.00
# Visual Studio Version 17
VisualStudioVersion = 17.9.34723.18
MinimumVisualStudioVersion = 10.0.40219.1
Project("{8BC9CEB8-8B4A-11D0-8D11-00A0C91BC942}") = "Library management system", "Library management system\Library management system.vcxproj", "{01485604-9BA8-44D8-9608-040AF4638D8A}"
EndProject
Global
	GlobalSection(SolutionConfigurationPlatforms) = preSolution
		Debug|x64 = Debug|x64
		Debug|x86 = Debug|x86
		Release|x64 = Release|x64
		Release|x86 = Release|x86
	EndGlobalSection
	GlobalSection(ProjectConfigurationPlatforms) = postSolution
		{01485604-9BA8-44D8-9608-040AF4638D8A}.Debug|x64.ActiveCfg = Debug|x64
		{01485604-9BA8-44D8-9608-040AF4638D8A}.Debug|x64.Build.0 = Debug|x64
		{01485604-9BA8-44D8-9608-040AF4638D8A}.Debug|x86.ActiveCfg = Debug|Win32
		{01485604-9BA8-44D8-9608-040AF4638D8A}.Debug|x86.Build.0 = Debug|Win32
		{01485604-9BA8-44D8-9608-040AF4638D8A}.Release|x64.ActiveCfg = Release|x64
		{01485604-9BA8-44D8-9608-040AF4638D8A}.Release|x64.Build.0 = Release|x64
		{01485604-9BA8-44D8-9608-040AF4638D8A}.Release|x86.ActiveCfg = Release|Win32
		{01485604-9BA8-44D8-9608-040AF4638D8A}.Release|x86.Build.0 = Release|Win32
	EndGlobalSection
	GlobalSection(SolutionProperties) = preSolution
		HideSolutionNode = FALSE
	EndGlobalSection
	GlobalSection(ExtensibilityGlobals) = postSolution
		SolutionGuid = {1C6DA95D-7742-456C-9E74-4F07157C1279}
	EndGlobalSection
EndGlobal
